PODS:
  - Kingfisher (5.12.0):
    - Kingfisher/Core (= 5.12.0)
  - Kingfisher/Core (5.12.0)

DEPENDENCIES:
  - Kingfisher (~> 5.12)

SPEC REPOS:
  trunk:
    - Kingfisher

SPEC CHECKSUMS:
  Kingfisher: dc6e0f53bb5b12c3e75bedb0e01bbd7a640eea69

PODFILE CHECKSUM: d859433b412a1789f6dfa0ba1e52c4340fb68325

COCOAPODS: 1.8.4
